
Microsoft Visual Studio Solution File, Format Version 12.00
# Visual Studio Version 17
VisualStudioVersion = 17.2.32616.157
MinimumVisualStudioVersion = 10.0.40219.1
Project("{FAE04EC0-301F-11D3-BF4B-00C04F79EFBC}") = "EDUFA1", "EDUFA1.csproj", "{A5C4946C-2CF4-4B72-844C-63D335604864}"
EndProject
Global
	GlobalSection(SolutionConfigurationPlatforms) = preSolution
		Debug|Any CPU = Debug|Any CPU
		Release|Any CPU = Release|Any CPU
	EndGlobalSection
	GlobalSection(ProjectConfigurationPlatforms) = postSolution
		{A5C4946C-2CF4-4B72-844C-63D335604864}.Debug|Any CPU.ActiveCfg = Debug|Any CPU
		{A5C4946C-2CF4-4B72-844C-63D335604864}.Debug|Any CPU.Build.0 = Debug|Any CPU
		{A5C4946C-2CF4-4B72-844C-63D335604864}.Release|Any CPU.ActiveCfg = Release|Any CPU
		{A5C4946C-2CF4-4B72-844C-63D335604864}.Release|Any CPU.Build.0 = Release|Any CPU
	EndGlobalSection
	GlobalSection(SolutionProperties) = preSolution
		HideSolutionNode = FALSE
	EndGlobalSection
	GlobalSection(ExtensibilityGlobals) = postSolution
		SolutionGuid = {044668AE-12CF-44E3-94A7-2404B6DE9E9C}
	EndGlobalSection
EndGlobal
